// !$*UTF8*$!
{
	archiveVersion = 1;
	classes = {
	};
	objectVersion = 52;
	objects = {

/* Begin PBXBuildFile section */
		4C08F2981A94F3C3006F9359 /* Widget.swift in Sources */ = {isa = PBXBuildFile; fileRef = 4C08F2971A94F3C3006F9359 /* Widget.swift */; };
		4C4281FB1A3009040000C114 /* WidgetBattery.swift in Sources */ = {isa = PBXBuildFile; fileRef = 4C4281FA1A3009040000C114 /* WidgetBattery.swift */; };
		4C53D39D1F85E2FC001225B1 /* CommandLine.swift in Sources */ = {isa = PBXBuildFile; fileRef = 4C53D39A1F85E2FC001225B1 /* CommandLine.swift */; };
		4C53D39E1F85E2FC001225B1 /* Option.swift in Sources */ = {isa = PBXBuildFile; fileRef = 4C53D39B1F85E2FC001225B1 /* Option.swift */; };
		4C53D39F1F85E2FC001225B1 /* StringExtensions.swift in Sources */ = {isa = PBXBuildFile; fileRef = 4C53D39C1F85E2FC001225B1 /* StringExtensions.swift */; };
		4C8112DD1AFD415200100959 /* WidgetProcess.swift in Sources */ = {isa = PBXBuildFile; fileRef = 4C8112DC1AFD415200100959 /* WidgetProcess.swift */; };
		4C81CAC71A05FCFA0078EC22 /* SMC.swift in Sources */ = {isa = PBXBuildFile; fileRef = 4C81CAC51A05FCFA0078EC22 /* SMC.swift */; };
		4C81CACB1A05FD140078EC22 /* Battery.swift in Sources */ = {isa = PBXBuildFile; fileRef = 4C81CAC91A05FD140078EC22 /* Battery.swift */; };
		4C81CACC1A05FD140078EC22 /* System.swift in Sources */ = {isa = PBXBuildFile; fileRef = 4C81CACA1A05FD140078EC22 /* System.swift */; };
		4C87280119C7B41C002D093F /* main.swift in Sources */ = {isa = PBXBuildFile; fileRef = 4C87280019C7B41C002D093F /* main.swift */; };
		4C97A53219E4B2F10018EFB6 /* WidgetFan.swift in Sources */ = {isa = PBXBuildFile; fileRef = 4C97A53119E4B2F10018EFB6 /* WidgetFan.swift */; };
		4C9A7D2019D98D74004ABADA /* WidgetUITitle.swift in Sources */ = {isa = PBXBuildFile; fileRef = 4C9A7D1F19D98D74004ABADA /* WidgetUITitle.swift */; };
		4C9C0E5119E32921009EF6A9 /* WidgetTemperature.swift in Sources */ = {isa = PBXBuildFile; fileRef = 4C9C0E5019E32921009EF6A9 /* WidgetTemperature.swift */; };
		4CB246C41A5B916F00CA8AC4 /* WidgetSystem.swift in Sources */ = {isa = PBXBuildFile; fileRef = 4CB246C31A5B916F00CA8AC4 /* WidgetSystem.swift */; };
		4CB246C81A5BAADC00CA8AC4 /* WidgetCPU.swift in Sources */ = {isa = PBXBuildFile; fileRef = 4CB246C71A5BAADC00CA8AC4 /* WidgetCPU.swift */; };
		4CB246CA1A5BACF200CA8AC4 /* WidgetMemory.swift in Sources */ = {isa = PBXBuildFile; fileRef = 4CB246C91A5BACF200CA8AC4 /* WidgetMemory.swift */; };
		4CCB22A219D4F07B0058E62D /* WidgetUIStat.swift in Sources */ = {isa = PBXBuildFile; fileRef = 4CCB22A119D4F07B0058E62D /* WidgetUIStat.swift */; };
		4CD184881B87E3EB001CF027 /* IOReturn.swift in Sources */ = {isa = PBXBuildFile; fileRef = 4CD184871B87E3EB001CF027 /* IOReturn.swift */; };
		631976CC24E5E41E000E6BAC /* main.swift in Sources */ = {isa = PBXBuildFile; fileRef = 631976CB24E5E41E000E6BAC /* main.swift */; };
		631976D024E5E438000E6BAC /* SMC.swift in Sources */ = {isa = PBXBuildFile; fileRef = 4C81CAC51A05FCFA0078EC22 /* SMC.swift */; };
		631976D124E5E43C000E6BAC /* IOReturn.swift in Sources */ = {isa = PBXBuildFile; fileRef = 4CD184871B87E3EB001CF027 /* IOReturn.swift */; };
		631976D224E5E43C000E6BAC /* Battery.swift in Sources */ = {isa = PBXBuildFile; fileRef = 4C81CAC91A05FD140078EC22 /* Battery.swift */; };
		631976D324E5E43C000E6BAC /* System.swift in Sources */ = {isa = PBXBuildFile; fileRef = 4C81CACA1A05FD140078EC22 /* System.swift */; };
		631976D524E5F688000E6BAC /* Helpers.swift in Sources */ = {isa = PBXBuildFile; fileRef = 631976D424E5F688000E6BAC /* Helpers.swift */; };
		635267E424E5D7C1003D4CB5 /* libncurses.5.4.tbd in Frameworks */ = {isa = PBXBuildFile; fileRef = 635267E324E5D7C1003D4CB5 /* libncurses.5.4.tbd */; };
		63595C6624E68755009776B8 /* main.swift in Sources */ = {isa = PBXBuildFile; fileRef = 63595C6524E68755009776B8 /* main.swift */; };
		63595C6A24E68767009776B8 /* SystemProfilerHelper.swift in Sources */ = {isa = PBXBuildFile; fileRef = 63974D3A24E6450000C1E09B /* SystemProfilerHelper.swift */; };
		63595C6B24E68767009776B8 /* SystemProfilerToJSON.swift in Sources */ = {isa = PBXBuildFile; fileRef = 63974D3524E6422400C1E09B /* SystemProfilerToJSON.swift */; };
		63595C6D24E68793009776B8 /* SwiftyJSON in Frameworks */ = {isa = PBXBuildFile; productRef = 63595C6C24E68793009776B8 /* SwiftyJSON */; };
		63974D3424E6365200C1E09B /* NetUtils in Frameworks */ = {isa = PBXBuildFile; productRef = 63974D3324E6365200C1E09B /* NetUtils */; };
		63E6CD9124E60CF5002F37BE /* BootTimeHelper.swift in Sources */ = {isa = PBXBuildFile; fileRef = 63E6CD9024E60CF5002F37BE /* BootTimeHelper.swift */; };
		63E6CD9324E60D07002F37BE /* BatteryHelper.swift in Sources */ = {isa = PBXBuildFile; fileRef = 63E6CD9224E60D07002F37BE /* BatteryHelper.swift */; };
		63E6CD9524E60D1C002F37BE /* CpuHelper.swift in Sources */ = {isa = PBXBuildFile; fileRef = 63E6CD9424E60D1C002F37BE /* CpuHelper.swift */; };
		63E6CD9724E60D2D002F37BE /* FansHelper.swift in Sources */ = {isa = PBXBuildFile; fileRef = 63E6CD9624E60D2D002F37BE /* FansHelper.swift */; };
		63E6CD9924E60D44002F37BE /* DiskHelper.swift in Sources */ = {isa = PBXBuildFile; fileRef = 63E6CD9824E60D44002F37BE /* DiskHelper.swift */; };
		63E6CD9B24E60D55002F37BE /* MemoryHelper.swift in Sources */ = {isa = PBXBuildFile; fileRef = 63E6CD9A24E60D55002F37BE /* MemoryHelper.swift */; };
		63E6CD9D24E60D6D002F37BE /* NetworkHelper.swift in Sources */ = {isa = PBXBuildFile; fileRef = 63E6CD9C24E60D6D002F37BE /* NetworkHelper.swift */; };
		63E6CD9F24E60E20002F37BE /* ProcessInfoHelper.swift in Sources */ = {isa = PBXBuildFile; fileRef = 63E6CD9E24E60E20002F37BE /* ProcessInfoHelper.swift */; };
		63E6CDA124E60E75002F37BE /* UptimeHelper.swift in Sources */ = {isa = PBXBuildFile; fileRef = 63E6CDA024E60E75002F37BE /* UptimeHelper.swift */; };
		63E6CDA324E60E92002F37BE /* PowerHelper.swift in Sources */ = {isa = PBXBuildFile; fileRef = 63E6CDA224E60E92002F37BE /* PowerHelper.swift */; };
		63E6CDA524E616DE002F37BE /* Models.swift in Sources */ = {isa = PBXBuildFile; fileRef = 63E6CDA424E616DE002F37BE /* Models.swift */; };
		63E6CDA724E61BB3002F37BE /* InputError.swift in Sources */ = {isa = PBXBuildFile; fileRef = 63E6CDA624E61BB3002F37BE /* InputError.swift */; };
/* End PBXBuildFile section */

/* Begin PBXCopyFilesBuildPhase section */
		4C8727FB19C7B41C002D093F /* CopyFiles */ = {
			isa = PBXCopyFilesBuildPhase;
			buildActionMask = 2147483647;
			dstPath = /usr/share/man/man1/;
			dstSubfolderSpec = 0;
			files = (
			);
			runOnlyForDeploymentPostprocessing = 1;
		};
		631976C724E5E41E000E6BAC /* CopyFiles */ = {
			isa = PBXCopyFilesBuildPhase;
			buildActionMask = 2147483647;
			dstPath = /usr/share/man/man1/;
			dstSubfolderSpec = 0;
			files = (
			);
			runOnlyForDeploymentPostprocessing = 1;
		};
		63595C6124E68755009776B8 /* CopyFiles */ = {
			isa = PBXCopyFilesBuildPhase;
			buildActionMask = 2147483647;
			dstPath = /usr/share/man/man1/;
			dstSubfolderSpec = 0;
			files = (
			);
			runOnlyForDeploymentPostprocessing = 1;
		};
/* End PBXCopyFilesBuildPhase section */

/* Begin PBXFileReference section */
		4C08F2971A94F3C3006F9359 /* Widget.swift */ = {isa = PBXFileReference; fileEncoding = 4; lastKnownFileType = sourcecode.swift; path = Widget.swift; sourceTree = "<group>"; };
		4C4281FA1A3009040000C114 /* WidgetBattery.swift */ = {isa = PBXFileReference; fileEncoding = 4; lastKnownFileType = sourcecode.swift; path = WidgetBattery.swift; sourceTree = "<group>"; };
		4C53D39A1F85E2FC001225B1 /* CommandLine.swift */ = {isa = PBXFileReference; fileEncoding = 4; lastKnownFileType = sourcecode.swift; name = CommandLine.swift; path = libs/CommandLine/CommandLineKit/CommandLine.swift; sourceTree = "<group>"; };
		4C53D39B1F85E2FC001225B1 /* Option.swift */ = {isa = PBXFileReference; fileEncoding = 4; lastKnownFileType = sourcecode.swift; name = Option.swift; path = libs/CommandLine/CommandLineKit/Option.swift; sourceTree = "<group>"; };
		4C53D39C1F85E2FC001225B1 /* StringExtensions.swift */ = {isa = PBXFileReference; fileEncoding = 4; lastKnownFileType = sourcecode.swift; name = StringExtensions.swift; path = libs/CommandLine/CommandLineKit/StringExtensions.swift; sourceTree = "<group>"; };
		4C8112DC1AFD415200100959 /* WidgetProcess.swift */ = {isa = PBXFileReference; fileEncoding = 4; lastKnownFileType = sourcecode.swift; path = WidgetProcess.swift; sourceTree = "<group>"; };
		4C81CAC51A05FCFA0078EC22 /* SMC.swift */ = {isa = PBXFileReference; fileEncoding = 4; lastKnownFileType = sourcecode.swift; path = SMC.swift; sourceTree = "<group>"; };
		4C81CAC91A05FD140078EC22 /* Battery.swift */ = {isa = PBXFileReference; fileEncoding = 4; lastKnownFileType = sourcecode.swift; path = Battery.swift; sourceTree = "<group>"; };
		4C81CACA1A05FD140078EC22 /* System.swift */ = {isa = PBXFileReference; fileEncoding = 4; lastKnownFileType = sourcecode.swift; path = System.swift; sourceTree = "<group>"; };
		4C8727FD19C7B41C002D093F /* dshb */ = {isa = PBXFileReference; explicitFileType = "compiled.mach-o.executable"; includeInIndex = 0; path = dshb; sourceTree = BUILT_PRODUCTS_DIR; };
		4C87280019C7B41C002D093F /* main.swift */ = {isa = PBXFileReference; lastKnownFileType = sourcecode.swift; path = main.swift; sourceTree = "<group>"; };
		4C97A53119E4B2F10018EFB6 /* WidgetFan.swift */ = {isa = PBXFileReference; fileEncoding = 4; lastKnownFileType = sourcecode.swift; path = WidgetFan.swift; sourceTree = "<group>"; };
		4C9A7D1F19D98D74004ABADA /* WidgetUITitle.swift */ = {isa = PBXFileReference; fileEncoding = 4; lastKnownFileType = sourcecode.swift; path = WidgetUITitle.swift; sourceTree = "<group>"; };
		4C9C0E5019E32921009EF6A9 /* WidgetTemperature.swift */ = {isa = PBXFileReference; fileEncoding = 4; lastKnownFileType = sourcecode.swift; path = WidgetTemperature.swift; sourceTree = "<group>"; };
		4CB246C31A5B916F00CA8AC4 /* WidgetSystem.swift */ = {isa = PBXFileReference; fileEncoding = 4; lastKnownFileType = sourcecode.swift; path = WidgetSystem.swift; sourceTree = "<group>"; };
		4CB246C71A5BAADC00CA8AC4 /* WidgetCPU.swift */ = {isa = PBXFileReference; fileEncoding = 4; lastKnownFileType = sourcecode.swift; path = WidgetCPU.swift; sourceTree = "<group>"; };
		4CB246C91A5BACF200CA8AC4 /* WidgetMemory.swift */ = {isa = PBXFileReference; fileEncoding = 4; lastKnownFileType = sourcecode.swift; path = WidgetMemory.swift; sourceTree = "<group>"; };
		4CCB22A119D4F07B0058E62D /* WidgetUIStat.swift */ = {isa = PBXFileReference; fileEncoding = 4; lastKnownFileType = sourcecode.swift; path = WidgetUIStat.swift; sourceTree = "<group>"; };
		4CD184871B87E3EB001CF027 /* IOReturn.swift */ = {isa = PBXFileReference; fileEncoding = 4; lastKnownFileType = sourcecode.swift; path = IOReturn.swift; sourceTree = "<group>"; };
		631976C924E5E41E000E6BAC /* stats */ = {isa = PBXFileReference; explicitFileType = "compiled.mach-o.executable"; includeInIndex = 0; path = stats; sourceTree = BUILT_PRODUCTS_DIR; };
		631976CB24E5E41E000E6BAC /* main.swift */ = {isa = PBXFileReference; lastKnownFileType = sourcecode.swift; path = main.swift; sourceTree = "<group>"; };
		631976D424E5F688000E6BAC /* Helpers.swift */ = {isa = PBXFileReference; lastKnownFileType = sourcecode.swift; path = Helpers.swift; sourceTree = "<group>"; };
		635267E324E5D7C1003D4CB5 /* libncurses.5.4.tbd */ = {isa = PBXFileReference; lastKnownFileType = "sourcecode.text-based-dylib-definition"; name = libncurses.5.4.tbd; path = usr/lib/libncurses.5.4.tbd; sourceTree = SDKROOT; };
		63595C6324E68755009776B8 /* sysprofiler */ = {isa = PBXFileReference; explicitFileType = "compiled.mach-o.executable"; includeInIndex = 0; path = sysprofiler; sourceTree = BUILT_PRODUCTS_DIR; };
		63595C6524E68755009776B8 /* main.swift */ = {isa = PBXFileReference; lastKnownFileType = sourcecode.swift; path = main.swift; sourceTree = "<group>"; };
		63974D3524E6422400C1E09B /* SystemProfilerToJSON.swift */ = {isa = PBXFileReference; lastKnownFileType = sourcecode.swift; path = SystemProfilerToJSON.swift; sourceTree = "<group>"; };
		63974D3A24E6450000C1E09B /* SystemProfilerHelper.swift */ = {isa = PBXFileReference; lastKnownFileType = sourcecode.swift; path = SystemProfilerHelper.swift; sourceTree = "<group>"; };
		63E6CD9024E60CF5002F37BE /* BootTimeHelper.swift */ = {isa = PBXFileReference; lastKnownFileType = sourcecode.swift; path = BootTimeHelper.swift; sourceTree = "<group>"; };
		63E6CD9224E60D07002F37BE /* BatteryHelper.swift */ = {isa = PBXFileReference; lastKnownFileType = sourcecode.swift; path = BatteryHelper.swift; sourceTree = "<group>"; };
		63E6CD9424E60D1C002F37BE /* CpuHelper.swift */ = {isa = PBXFileReference; lastKnownFileType = sourcecode.swift; path = CpuHelper.swift; sourceTree = "<group>"; };
		63E6CD9624E60D2D002F37BE /* FansHelper.swift */ = {isa = PBXFileReference; lastKnownFileType = sourcecode.swift; path = FansHelper.swift; sourceTree = "<group>"; };
		63E6CD9824E60D44002F37BE /* DiskHelper.swift */ = {isa = PBXFileReference; lastKnownFileType = sourcecode.swift; path = DiskHelper.swift; sourceTree = "<group>"; };
		63E6CD9A24E60D55002F37BE /* MemoryHelper.swift */ = {isa = PBXFileReference; lastKnownFileType = sourcecode.swift; path = MemoryHelper.swift; sourceTree = "<group>"; };
		63E6CD9C24E60D6D002F37BE /* NetworkHelper.swift */ = {isa = PBXFileReference; lastKnownFileType = sourcecode.swift; path = NetworkHelper.swift; sourceTree = "<group>"; };
		63E6CD9E24E60E20002F37BE /* ProcessInfoHelper.swift */ = {isa = PBXFileReference; lastKnownFileType = sourcecode.swift; path = ProcessInfoHelper.swift; sourceTree = "<group>"; };
		63E6CDA024E60E75002F37BE /* UptimeHelper.swift */ = {isa = PBXFileReference; lastKnownFileType = sourcecode.swift; path = UptimeHelper.swift; sourceTree = "<group>"; };
		63E6CDA224E60E92002F37BE /* PowerHelper.swift */ = {isa = PBXFileReference; lastKnownFileType = sourcecode.swift; path = PowerHelper.swift; sourceTree = "<group>"; };
		63E6CDA424E616DE002F37BE /* Models.swift */ = {isa = PBXFileReference; lastKnownFileType = sourcecode.swift; path = Models.swift; sourceTree = "<group>"; };
		63E6CDA624E61BB3002F37BE /* InputError.swift */ = {isa = PBXFileReference; lastKnownFileType = sourcecode.swift; path = InputError.swift; sourceTree = "<group>"; };
/* End PBXFileReference section */

/* Begin PBXFrameworksBuildPhase section */
		4C8727FA19C7B41C002D093F /* Frameworks */ = {
			isa = PBXFrameworksBuildPhase;
			buildActionMask = 2147483647;
			files = (
				635267E424E5D7C1003D4CB5 /* libncurses.5.4.tbd in Frameworks */,
			);
			runOnlyForDeploymentPostprocessing = 0;
		};
		631976C624E5E41E000E6BAC /* Frameworks */ = {
			isa = PBXFrameworksBuildPhase;
			buildActionMask = 2147483647;
			files = (
				63974D3424E6365200C1E09B /* NetUtils in Frameworks */,
			);
			runOnlyForDeploymentPostprocessing = 0;
		};
		63595C6024E68755009776B8 /* Frameworks */ = {
			isa = PBXFrameworksBuildPhase;
			buildActionMask = 2147483647;
			files = (
				63595C6D24E68793009776B8 /* SwiftyJSON in Frameworks */,
			);
			runOnlyForDeploymentPostprocessing = 0;
		};
/* End PBXFrameworksBuildPhase section */

/* Begin PBXGroup section */
		4C81CABE1A05FCA10078EC22 /* libs */ = {
			isa = PBXGroup;
			children = (
				4CEBF73D1A4E067C0001B326 /* CommandLine */,
				4C81CAC31A05FCFA0078EC22 /* SMCKit */,
				4C81CAC81A05FD140078EC22 /* SystemKit */,
			);
			name = libs;
			sourceTree = "<group>";
		};
		4C81CAC31A05FCFA0078EC22 /* SMCKit */ = {
			isa = PBXGroup;
			children = (
				4C81CAC51A05FCFA0078EC22 /* SMC.swift */,
			);
			name = SMCKit;
			path = libs/SMCKit/SMCKit;
			sourceTree = "<group>";
		};
		4C81CAC81A05FD140078EC22 /* SystemKit */ = {
			isa = PBXGroup;
			children = (
				4CD184871B87E3EB001CF027 /* IOReturn.swift */,
				4C81CAC91A05FD140078EC22 /* Battery.swift */,
				4C81CACA1A05FD140078EC22 /* System.swift */,
			);
			name = SystemKit;
			path = libs/SystemKit/SystemKit;
			sourceTree = "<group>";
		};
		4C8727F419C7B41B002D093F = {
			isa = PBXGroup;
			children = (
				4C8727FF19C7B41C002D093F /* dshb */,
				4C81CABE1A05FCA10078EC22 /* libs */,
				631976CA24E5E41E000E6BAC /* stats */,
				63595C6424E68755009776B8 /* sysprofiler */,
				4C8727FE19C7B41C002D093F /* Products */,
				635267E224E5D7C0003D4CB5 /* Frameworks */,
			);
			sourceTree = "<group>";
		};
		4C8727FE19C7B41C002D093F /* Products */ = {
			isa = PBXGroup;
			children = (
				4C8727FD19C7B41C002D093F /* dshb */,
				631976C924E5E41E000E6BAC /* stats */,
				63595C6324E68755009776B8 /* sysprofiler */,
			);
			name = Products;
			sourceTree = "<group>";
		};
		4C8727FF19C7B41C002D093F /* dshb */ = {
			isa = PBXGroup;
			children = (
				4C87280019C7B41C002D093F /* main.swift */,
				4C08F2971A94F3C3006F9359 /* Widget.swift */,
				4C9A7D1F19D98D74004ABADA /* WidgetUITitle.swift */,
				4CCB22A119D4F07B0058E62D /* WidgetUIStat.swift */,
				4C4281FA1A3009040000C114 /* WidgetBattery.swift */,
				4CB246C71A5BAADC00CA8AC4 /* WidgetCPU.swift */,
				4C97A53119E4B2F10018EFB6 /* WidgetFan.swift */,
				4CB246C91A5BACF200CA8AC4 /* WidgetMemory.swift */,
				4CB246C31A5B916F00CA8AC4 /* WidgetSystem.swift */,
				4C9C0E5019E32921009EF6A9 /* WidgetTemperature.swift */,
				4C8112DC1AFD415200100959 /* WidgetProcess.swift */,
			);
			path = dshb;
			sourceTree = "<group>";
		};
		4CEBF73D1A4E067C0001B326 /* CommandLine */ = {
			isa = PBXGroup;
			children = (
				4C53D39A1F85E2FC001225B1 /* CommandLine.swift */,
				4C53D39B1F85E2FC001225B1 /* Option.swift */,
				4C53D39C1F85E2FC001225B1 /* StringExtensions.swift */,
			);
			name = CommandLine;
			sourceTree = "<group>";
		};
		631976CA24E5E41E000E6BAC /* stats */ = {
			isa = PBXGroup;
			children = (
				631976CB24E5E41E000E6BAC /* main.swift */,
				63E6CDA624E61BB3002F37BE /* InputError.swift */,
				63E6CDA424E616DE002F37BE /* Models.swift */,
				63E6CD9224E60D07002F37BE /* BatteryHelper.swift */,
				63E6CD9024E60CF5002F37BE /* BootTimeHelper.swift */,
				63E6CD9424E60D1C002F37BE /* CpuHelper.swift */,
				63E6CD9824E60D44002F37BE /* DiskHelper.swift */,
				63E6CD9624E60D2D002F37BE /* FansHelper.swift */,
				631976D424E5F688000E6BAC /* Helpers.swift */,
				63E6CDA224E60E92002F37BE /* PowerHelper.swift */,
				63E6CD9A24E60D55002F37BE /* MemoryHelper.swift */,
				63E6CD9C24E60D6D002F37BE /* NetworkHelper.swift */,
				63E6CD9E24E60E20002F37BE /* ProcessInfoHelper.swift */,
				63E6CDA024E60E75002F37BE /* UptimeHelper.swift */,
			);
			path = stats;
			sourceTree = "<group>";
		};
		635267E224E5D7C0003D4CB5 /* Frameworks */ = {
			isa = PBXGroup;
			children = (
				635267E324E5D7C1003D4CB5 /* libncurses.5.4.tbd */,
			);
			name = Frameworks;
			sourceTree = "<group>";
		};
		63595C6424E68755009776B8 /* sysprofiler */ = {
			isa = PBXGroup;
			children = (
				63595C6524E68755009776B8 /* main.swift */,
				63974D3524E6422400C1E09B /* SystemProfilerToJSON.swift */,
				63974D3A24E6450000C1E09B /* SystemProfilerHelper.swift */,
			);
			path = sysprofiler;
			sourceTree = "<group>";
		};
/* End PBXGroup section */

/* Begin PBXNativeTarget section */
		4C8727FC19C7B41C002D093F /* dshb */ = {
			isa = PBXNativeTarget;
			buildConfigurationList = 4C87280419C7B41C002D093F /* Build configuration list for PBXNativeTarget "dshb" */;
			buildPhases = (
				4C8727F919C7B41C002D093F /* Sources */,
				4C8727FA19C7B41C002D093F /* Frameworks */,
				4C8727FB19C7B41C002D093F /* CopyFiles */,
			);
			buildRules = (
			);
			dependencies = (
			);
			name = dshb;
			productName = dshb;
			productReference = 4C8727FD19C7B41C002D093F /* dshb */;
			productType = "com.apple.product-type.tool";
		};
		631976C824E5E41E000E6BAC /* stats */ = {
			isa = PBXNativeTarget;
			buildConfigurationList = 631976CF24E5E41E000E6BAC /* Build configuration list for PBXNativeTarget "stats" */;
			buildPhases = (
				631976C524E5E41E000E6BAC /* Sources */,
				631976C624E5E41E000E6BAC /* Frameworks */,
				631976C724E5E41E000E6BAC /* CopyFiles */,
			);
			buildRules = (
			);
			dependencies = (
			);
			name = stats;
			packageProductDependencies = (
				63974D3324E6365200C1E09B /* NetUtils */,
			);
			productName = stats;
			productReference = 631976C924E5E41E000E6BAC /* stats */;
			productType = "com.apple.product-type.tool";
		};
		63595C6224E68755009776B8 /* sysprofiler */ = {
			isa = PBXNativeTarget;
			buildConfigurationList = 63595C6924E68755009776B8 /* Build configuration list for PBXNativeTarget "sysprofiler" */;
			buildPhases = (
				63595C5F24E68755009776B8 /* Sources */,
				63595C6024E68755009776B8 /* Frameworks */,
				63595C6124E68755009776B8 /* CopyFiles */,
			);
			buildRules = (
			);
			dependencies = (
			);
			name = sysprofiler;
			packageProductDependencies = (
				63595C6C24E68793009776B8 /* SwiftyJSON */,
			);
			productName = sysprofiler;
			productReference = 63595C6324E68755009776B8 /* sysprofiler */;
			productType = "com.apple.product-type.tool";
		};
/* End PBXNativeTarget section */

/* Begin PBXProject section */
		4C8727F519C7B41B002D093F /* Project object */ = {
			isa = PBXProject;
			attributes = {
				LastSwiftUpdateCheck = 1200;
				LastUpgradeCheck = 1200;
				ORGANIZATIONNAME = beltex;
				TargetAttributes = {
					4C8727FC19C7B41C002D093F = {
						CreatedOnToolsVersion = 6.1;
						LastSwiftMigration = 0810;
					};
					631976C824E5E41E000E6BAC = {
						CreatedOnToolsVersion = 11.6;
						DevelopmentTeam = 5TRQXQ8724;
						ProvisioningStyle = Automatic;
					};
					63595C6224E68755009776B8 = {
						CreatedOnToolsVersion = 12.0;
					};
				};
			};
			buildConfigurationList = 4C8727F819C7B41B002D093F /* Build configuration list for PBXProject "dshb" */;
			compatibilityVersion = "Xcode 3.2";
			developmentRegion = en;
			hasScannedForEncodings = 0;
			knownRegions = (
				en,
				Base,
			);
			mainGroup = 4C8727F419C7B41B002D093F;
			packageReferences = (
				63974D3224E6365200C1E09B /* XCRemoteSwiftPackageReference "swift-netutils" */,
				63974D3724E6424C00C1E09B /* XCRemoteSwiftPackageReference "SwiftyJSON" */,
			);
			productRefGroup = 4C8727FE19C7B41C002D093F /* Products */;
			projectDirPath = "";
			projectRoot = "";
			targets = (
				4C8727FC19C7B41C002D093F /* dshb */,
				631976C824E5E41E000E6BAC /* stats */,
				63595C6224E68755009776B8 /* sysprofiler */,
			);
		};
/* End PBXProject section */

/* Begin PBXSourcesBuildPhase section */
		4C8727F919C7B41C002D093F /* Sources */ = {
			isa = PBXSourcesBuildPhase;
			buildActionMask = 2147483647;
			files = (
				4C81CACB1A05FD140078EC22 /* Battery.swift in Sources */,
				4C9C0E5119E32921009EF6A9 /* WidgetTemperature.swift in Sources */,
				4C9A7D2019D98D74004ABADA /* WidgetUITitle.swift in Sources */,
				4C53D39D1F85E2FC001225B1 /* CommandLine.swift in Sources */,
				4CB246CA1A5BACF200CA8AC4 /* WidgetMemory.swift in Sources */,
				4CD184881B87E3EB001CF027 /* IOReturn.swift in Sources */,
				4CB246C81A5BAADC00CA8AC4 /* WidgetCPU.swift in Sources */,
				4C53D39E1F85E2FC001225B1 /* Option.swift in Sources */,
				4C97A53219E4B2F10018EFB6 /* WidgetFan.swift in Sources */,
				4C81CACC1A05FD140078EC22 /* System.swift in Sources */,
				4CB246C41A5B916F00CA8AC4 /* WidgetSystem.swift in Sources */,
				4C81CAC71A05FCFA0078EC22 /* SMC.swift in Sources */,
				4C53D39F1F85E2FC001225B1 /* StringExtensions.swift in Sources */,
				4C08F2981A94F3C3006F9359 /* Widget.swift in Sources */,
				4C8112DD1AFD415200100959 /* WidgetProcess.swift in Sources */,
				4CCB22A219D4F07B0058E62D /* WidgetUIStat.swift in Sources */,
				4C87280119C7B41C002D093F /* main.swift in Sources */,
				4C4281FB1A3009040000C114 /* WidgetBattery.swift in Sources */,
			);
			runOnlyForDeploymentPostprocessing = 0;
		};
		631976C524E5E41E000E6BAC /* Sources */ = {
			isa = PBXSourcesBuildPhase;
			buildActionMask = 2147483647;
			files = (
				63E6CD9B24E60D55002F37BE /* MemoryHelper.swift in Sources */,
				63E6CDA724E61BB3002F37BE /* InputError.swift in Sources */,
				63E6CDA524E616DE002F37BE /* Models.swift in Sources */,
				63E6CD9F24E60E20002F37BE /* ProcessInfoHelper.swift in Sources */,
				631976D324E5E43C000E6BAC /* System.swift in Sources */,
				63E6CD9724E60D2D002F37BE /* FansHelper.swift in Sources */,
				631976D524E5F688000E6BAC /* Helpers.swift in Sources */,
				63E6CD9D24E60D6D002F37BE /* NetworkHelper.swift in Sources */,
				63E6CD9924E60D44002F37BE /* DiskHelper.swift in Sources */,
				631976D124E5E43C000E6BAC /* IOReturn.swift in Sources */,
				63E6CD9324E60D07002F37BE /* BatteryHelper.swift in Sources */,
				63E6CDA324E60E92002F37BE /* PowerHelper.swift in Sources */,
				63E6CD9124E60CF5002F37BE /* BootTimeHelper.swift in Sources */,
				63E6CD9524E60D1C002F37BE /* CpuHelper.swift in Sources */,
				631976CC24E5E41E000E6BAC /* main.swift in Sources */,
				63E6CDA124E60E75002F37BE /* UptimeHelper.swift in Sources */,
				631976D024E5E438000E6BAC /* SMC.swift in Sources */,
				631976D224E5E43C000E6BAC /* Battery.swift in Sources */,
			);
			runOnlyForDeploymentPostprocessing = 0;
		};
		63595C5F24E68755009776B8 /* Sources */ = {
			isa = PBXSourcesBuildPhase;
			buildActionMask = 2147483647;
			files = (
				63595C6B24E68767009776B8 /* SystemProfilerToJSON.swift in Sources */,
				63595C6624E68755009776B8 /* main.swift in Sources */,
				63595C6A24E68767009776B8 /* SystemProfilerHelper.swift in Sources */,
			);
			runOnlyForDeploymentPostprocessing = 0;
		};
/* End PBXSourcesBuildPhase section */

/* Begin XCBuildConfiguration section */
		4C87280219C7B41C002D093F /* Debug */ = {
			isa = XCBuildConfiguration;
			buildSettings = {
				ALWAYS_SEARCH_USER_PATHS = NO;
				CLANG_CXX_LANGUAGE_STANDARD = "gnu++0x";
				CLANG_CXX_LIBRARY = "libc++";
				CLANG_ENABLE_MODULES = YES;
				CLANG_ENABLE_OBJC_ARC = YES;
				CLANG_WARN_BLOCK_CAPTURE_AUTORELEASING = YES;
				CLANG_WARN_BOOL_CONVERSION = YES;
				CLANG_WARN_COMMA = YES;
				CLANG_WARN_CONSTANT_CONVERSION = YES;
				CLANG_WARN_DEPRECATED_OBJC_IMPLEMENTATIONS = YES;
				CLANG_WARN_DIRECT_OBJC_ISA_USAGE = YES_ERROR;
				CLANG_WARN_EMPTY_BODY = YES;
				CLANG_WARN_ENUM_CONVERSION = YES;
				CLANG_WARN_INFINITE_RECURSION = YES;
				CLANG_WARN_INT_CONVERSION = YES;
				CLANG_WARN_NON_LITERAL_NULL_CONVERSION = YES;
				CLANG_WARN_OBJC_IMPLICIT_RETAIN_SELF = YES;
				CLANG_WARN_OBJC_LITERAL_CONVERSION = YES;
				CLANG_WARN_OBJC_ROOT_CLASS = YES_ERROR;
				CLANG_WARN_QUOTED_INCLUDE_IN_FRAMEWORK_HEADER = YES;
				CLANG_WARN_RANGE_LOOP_ANALYSIS = YES;
				CLANG_WARN_STRICT_PROTOTYPES = YES;
				CLANG_WARN_SUSPICIOUS_MOVE = YES;
				CLANG_WARN_UNREACHABLE_CODE = YES;
				CLANG_WARN__DUPLICATE_METHOD_MATCH = YES;
				COPY_PHASE_STRIP = NO;
				ENABLE_STRICT_OBJC_MSGSEND = YES;
				ENABLE_TESTABILITY = YES;
				GCC_C_LANGUAGE_STANDARD = gnu99;
				GCC_DYNAMIC_NO_PIC = NO;
				GCC_NO_COMMON_BLOCKS = YES;
				GCC_OPTIMIZATION_LEVEL = 0;
				GCC_PREPROCESSOR_DEFINITIONS = (
					"DEBUG=1",
					"$(inherited)",
				);
				GCC_SYMBOLS_PRIVATE_EXTERN = NO;
				GCC_WARN_64_TO_32_BIT_CONVERSION = YES;
				GCC_WARN_ABOUT_RETURN_TYPE = YES_ERROR;
				GCC_WARN_UNDECLARED_SELECTOR = YES;
				GCC_WARN_UNINITIALIZED_AUTOS = YES_AGGRESSIVE;
				GCC_WARN_UNUSED_FUNCTION = YES;
				GCC_WARN_UNUSED_VARIABLE = YES;
				MACOSX_DEPLOYMENT_TARGET = 10.9;
				MTL_ENABLE_DEBUG_INFO = YES;
				ONLY_ACTIVE_ARCH = YES;
				SDKROOT = macosx;
				SWIFT_OPTIMIZATION_LEVEL = "-Onone";
				SWIFT_VERSION = 5.0;
			};
			name = Debug;
		};
		4C87280319C7B41C002D093F /* Release */ = {
			isa = XCBuildConfiguration;
			buildSettings = {
				ALWAYS_SEARCH_USER_PATHS = NO;
				CLANG_CXX_LANGUAGE_STANDARD = "gnu++0x";
				CLANG_CXX_LIBRARY = "libc++";
				CLANG_ENABLE_MODULES = YES;
				CLANG_ENABLE_OBJC_ARC = YES;
				CLANG_WARN_BLOCK_CAPTURE_AUTORELEASING = YES;
				CLANG_WARN_BOOL_CONVERSION = YES;
				CLANG_WARN_COMMA = YES;
				CLANG_WARN_CONSTANT_CONVERSION = YES;
				CLANG_WARN_DEPRECATED_OBJC_IMPLEMENTATIONS = YES;
				CLANG_WARN_DIRECT_OBJC_ISA_USAGE = YES_ERROR;
				CLANG_WARN_EMPTY_BODY = YES;
				CLANG_WARN_ENUM_CONVERSION = YES;
				CLANG_WARN_INFINITE_RECURSION = YES;
				CLANG_WARN_INT_CONVERSION = YES;
				CLANG_WARN_NON_LITERAL_NULL_CONVERSION = YES;
				CLANG_WARN_OBJC_IMPLICIT_RETAIN_SELF = YES;
				CLANG_WARN_OBJC_LITERAL_CONVERSION = YES;
				CLANG_WARN_OBJC_ROOT_CLASS = YES_ERROR;
				CLANG_WARN_QUOTED_INCLUDE_IN_FRAMEWORK_HEADER = YES;
				CLANG_WARN_RANGE_LOOP_ANALYSIS = YES;
				CLANG_WARN_STRICT_PROTOTYPES = YES;
				CLANG_WARN_SUSPICIOUS_MOVE = YES;
				CLANG_WARN_UNREACHABLE_CODE = YES;
				CLANG_WARN__DUPLICATE_METHOD_MATCH = YES;
				COPY_PHASE_STRIP = YES;
				DEBUG_INFORMATION_FORMAT = "dwarf-with-dsym";
				ENABLE_NS_ASSERTIONS = NO;
				ENABLE_STRICT_OBJC_MSGSEND = YES;
				GCC_C_LANGUAGE_STANDARD = gnu99;
				GCC_NO_COMMON_BLOCKS = YES;
				GCC_WARN_64_TO_32_BIT_CONVERSION = YES;
				GCC_WARN_ABOUT_RETURN_TYPE = YES_ERROR;
				GCC_WARN_UNDECLARED_SELECTOR = YES;
				GCC_WARN_UNINITIALIZED_AUTOS = YES_AGGRESSIVE;
				GCC_WARN_UNUSED_FUNCTION = YES;
				GCC_WARN_UNUSED_VARIABLE = YES;
				MACOSX_DEPLOYMENT_TARGET = 10.9;
				MTL_ENABLE_DEBUG_INFO = NO;
				SDKROOT = macosx;
				SWIFT_VERSION = 5.0;
			};
			name = Release;
		};
		4C87280519C7B41C002D093F /* Debug */ = {
			isa = XCBuildConfiguration;
			buildSettings = {
				CODE_SIGN_IDENTITY = "-";
				PRODUCT_NAME = "$(TARGET_NAME)";
			};
			name = Debug;
		};
		4C87280619C7B41C002D093F /* Release */ = {
			isa = XCBuildConfiguration;
			buildSettings = {
				CODE_SIGN_IDENTITY = "-";
				PRODUCT_NAME = "$(TARGET_NAME)";
				SWIFT_COMPILATION_MODE = wholemodule;
				SWIFT_OPTIMIZATION_LEVEL = "-O";
			};
			name = Release;
		};
		631976CD24E5E41E000E6BAC /* Debug */ = {
			isa = XCBuildConfiguration;
			buildSettings = {
				CLANG_ANALYZER_NONNULL = YES;
				CLANG_ANALYZER_NUMBER_OBJECT_CONVERSION = YES_AGGRESSIVE;
				CLANG_CXX_LANGUAGE_STANDARD = "gnu++14";
				CLANG_ENABLE_OBJC_WEAK = YES;
				CLANG_WARN_DOCUMENTATION_COMMENTS = YES;
				CLANG_WARN_UNGUARDED_AVAILABILITY = YES_AGGRESSIVE;
				CODE_SIGN_STYLE = Automatic;
				DEBUG_INFORMATION_FORMAT = dwarf;
				DEVELOPMENT_TEAM = 5TRQXQ8724;
				ENABLE_HARDENED_RUNTIME = YES;
				GCC_C_LANGUAGE_STANDARD = gnu11;
				MACOSX_DEPLOYMENT_TARGET = 10.15;
				MTL_ENABLE_DEBUG_INFO = INCLUDE_SOURCE;
				MTL_FAST_MATH = YES;
				PRODUCT_NAME = "$(TARGET_NAME)";
				SWIFT_ACTIVE_COMPILATION_CONDITIONS = DEBUG;
				SWIFT_VERSION = 5.0;
			};
			name = Debug;
		};
		631976CE24E5E41E000E6BAC /* Release */ = {
			isa = XCBuildConfiguration;
			buildSettings = {
				CLANG_ANALYZER_NONNULL = YES;
				CLANG_ANALYZER_NUMBER_OBJECT_CONVERSION = YES_AGGRESSIVE;
				CLANG_CXX_LANGUAGE_STANDARD = "gnu++14";
				CLANG_ENABLE_OBJC_WEAK = YES;
				CLANG_WARN_DOCUMENTATION_COMMENTS = YES;
				CLANG_WARN_UNGUARDED_AVAILABILITY = YES_AGGRESSIVE;
				CODE_SIGN_STYLE = Automatic;
				COPY_PHASE_STRIP = NO;
				DEVELOPMENT_TEAM = 5TRQXQ8724;
				ENABLE_HARDENED_RUNTIME = YES;
				GCC_C_LANGUAGE_STANDARD = gnu11;
				MACOSX_DEPLOYMENT_TARGET = 10.15;
				MTL_FAST_MATH = YES;
				PRODUCT_NAME = "$(TARGET_NAME)";
				SWIFT_COMPILATION_MODE = wholemodule;
				SWIFT_OPTIMIZATION_LEVEL = "-O";
				SWIFT_VERSION = 5.0;
			};
			name = Release;
		};
		63595C6724E68755009776B8 /* Debug */ = {
			isa = XCBuildConfiguration;
			buildSettings = {
				CLANG_ANALYZER_NONNULL = YES;
				CLANG_ANALYZER_NUMBER_OBJECT_CONVERSION = YES_AGGRESSIVE;
				CLANG_CXX_LANGUAGE_STANDARD = "gnu++14";
				CLANG_ENABLE_OBJC_WEAK = YES;
				CLANG_WARN_DOCUMENTATION_COMMENTS = YES;
				CLANG_WARN_UNGUARDED_AVAILABILITY = YES_AGGRESSIVE;
				CODE_SIGN_STYLE = Automatic;
				DEBUG_INFORMATION_FORMAT = dwarf;
				DEVELOPMENT_TEAM = 5TRQXQ8724;
				ENABLE_HARDENED_RUNTIME = YES;
				GCC_C_LANGUAGE_STANDARD = gnu11;
				MACOSX_DEPLOYMENT_TARGET = 10.15;
				MTL_ENABLE_DEBUG_INFO = INCLUDE_SOURCE;
				MTL_FAST_MATH = YES;
				PRODUCT_NAME = "$(TARGET_NAME)";
				SWIFT_ACTIVE_COMPILATION_CONDITIONS = DEBUG;
				SWIFT_VERSION = 5.0;
			};
			name = Debug;
		};
		63595C6824E68755009776B8 /* Release */ = {
			isa = XCBuildConfiguration;
			buildSettings = {
				CLANG_ANALYZER_NONNULL = YES;
				CLANG_ANALYZER_NUMBER_OBJECT_CONVERSION = YES_AGGRESSIVE;
				CLANG_CXX_LANGUAGE_STANDARD = "gnu++14";
				CLANG_ENABLE_OBJC_WEAK = YES;
				CLANG_WARN_DOCUMENTATION_COMMENTS = YES;
				CLANG_WARN_UNGUARDED_AVAILABILITY = YES_AGGRESSIVE;
				CODE_SIGN_STYLE = Automatic;
				COPY_PHASE_STRIP = NO;
				DEVELOPMENT_TEAM = 5TRQXQ8724;
				ENABLE_HARDENED_RUNTIME = YES;
				GCC_C_LANGUAGE_STANDARD = gnu11;
				MACOSX_DEPLOYMENT_TARGET = 10.15;
				MTL_FAST_MATH = YES;
				PRODUCT_NAME = "$(TARGET_NAME)";
				SWIFT_COMPILATION_MODE = wholemodule;
				SWIFT_OPTIMIZATION_LEVEL = "-O";
				SWIFT_VERSION = 5.0;
			};
			name = Release;
		};
/* End XCBuildConfiguration section */

/* Begin XCConfigurationList section */
		4C8727F819C7B41B002D093F /* Build configuration list for PBXProject "dshb" */ = {
			isa = XCConfigurationList;
			buildConfigurations = (
				4C87280219C7B41C002D093F /* Debug */,
				4C87280319C7B41C002D093F /* Release */,
			);
			defaultConfigurationIsVisible = 0;
			defaultConfigurationName = Release;
		};
		4C87280419C7B41C002D093F /* Build configuration list for PBXNativeTarget "dshb" */ = {
			isa = XCConfigurationList;
			buildConfigurations = (
				4C87280519C7B41C002D093F /* Debug */,
				4C87280619C7B41C002D093F /* Release */,
			);
			defaultConfigurationIsVisible = 0;
			defaultConfigurationName = Release;
		};
		631976CF24E5E41E000E6BAC /* Build configuration list for PBXNativeTarget "stats" */ = {
			isa = XCConfigurationList;
			buildConfigurations = (
				631976CD24E5E41E000E6BAC /* Debug */,
				631976CE24E5E41E000E6BAC /* Release */,
			);
			defaultConfigurationIsVisible = 0;
			defaultConfigurationName = Release;
		};
		63595C6924E68755009776B8 /* Build configuration list for PBXNativeTarget "sysprofiler" */ = {
			isa = XCConfigurationList;
			buildConfigurations = (
				63595C6724E68755009776B8 /* Debug */,
				63595C6824E68755009776B8 /* Release */,
			);
			defaultConfigurationIsVisible = 0;
			defaultConfigurationName = Release;
		};
/* End XCConfigurationList section */

/* Begin XCRemoteSwiftPackageReference section */
		63974D3224E6365200C1E09B /* XCRemoteSwiftPackageReference "swift-netutils" */ = {
			isa = XCRemoteSwiftPackageReference;
			repositoryURL = "https://github.com/svdo/swift-netutils";
			requirement = {
				kind = upToNextMajorVersion;
				minimumVersion = 4.1.0;
			};
		};
		63974D3724E6424C00C1E09B /* XCRemoteSwiftPackageReference "SwiftyJSON" */ = {
			isa = XCRemoteSwiftPackageReference;
			repositoryURL = "https://github.com/SwiftyJSON/SwiftyJSON";
			requirement = {
				kind = upToNextMajorVersion;
				minimumVersion = 5.0.0;
			};
		};
/* End XCRemoteSwiftPackageReference section */

/* Begin XCSwiftPackageProductDependency section */
		63595C6C24E68793009776B8 /* SwiftyJSON */ = {
			isa = XCSwiftPackageProductDependency;
			package = 63974D3724E6424C00C1E09B /* XCRemoteSwiftPackageReference "SwiftyJSON" */;
			productName = SwiftyJSON;
		};
		63974D3324E6365200C1E09B /* NetUtils */ = {
			isa = XCSwiftPackageProductDependency;
			package = 63974D3224E6365200C1E09B /* XCRemoteSwiftPackageReference "swift-netutils" */;
			productName = NetUtils;
		};
/* End XCSwiftPackageProductDependency section */
	};
	rootObject = 4C8727F519C7B41B002D093F /* Project object */;
}
